
Microsoft Visual Studio Solution File, Format Version 12.00
# Visual Studio Version 16
VisualStudioVersion = 16.0.29613.14
MinimumVisualStudioVersion = 10.0.40219.1
Project("{FAE04EC0-301F-11D3-BF4B-00C04F79EFBC}") = "WiredBrainCoffeeShopInfoTool", "WiredBrainCoffeeShopInfoTool\WiredBrainCoffeeShopInfoTool.csproj", "{73ABEE0B-15BB-4BA0-958C-7B3B7ED16CEE}"
EndProject
Global
	GlobalSection(SolutionConfigurationPlatforms) = preSolution
		Debug|Any CPU = Debug|Any CPU
		Release|Any CPU = Release|Any CPU
	EndGlobalSection
	GlobalSection(ProjectConfigurationPlatforms) = postSolution
		{73ABEE0B-15BB-4BA0-958C-7B3B7ED16CEE}.Debug|Any CPU.ActiveCfg = Debug|Any CPU
		{73ABEE0B-15BB-4BA0-958C-7B3B7ED16CEE}.Debug|Any CPU.Build.0 = Debug|Any CPU
		{73ABEE0B-15BB-4BA0-958C-7B3B7ED16CEE}.Release|Any CPU.ActiveCfg = Release|Any CPU
		{73ABEE0B-15BB-4BA0-958C-7B3B7ED16CEE}.Release|Any CPU.Build.0 = Release|Any CPU
	EndGlobalSection
	GlobalSection(SolutionProperties) = preSolution
		HideSolutionNode = FALSE
	EndGlobalSection
	GlobalSection(ExtensibilityGlobals) = postSolution
		SolutionGuid = {ED211AC3-A528-46CB-B267-160FA25B08E2}
	EndGlobalSection
EndGlobal
